
Microsoft Visual Studio Solution File, Format Version 12.00
# Visual Studio 15
VisualStudioVersion = 15.0.28010.2046
MinimumVisualStudioVersion = 10.0.40219.1
Project("{9A19103F-16F7-4668-BE54-9A1E7A4F7556}") = "SimplySecureLocal", "SimplySecureLocal\SimplySecureLocal.csproj", "{835DE277-9407-4196-AE3B-39F93208F440}"
EndProject
Project("{9A19103F-16F7-4668-BE54-9A1E7A4F7556}") = "SimplySecureLocal.Data", "SimplySecureLocal.Data\SimplySecureLocal.Data.csproj", "{FF09936A-27C7-4156-8BCB-DF9A15443198}"
EndProject
Project("{FAE04EC0-301F-11D3-BF4B-00C04F79EFBC}") = "SimplySecureLocal.Tests", "SimplySecureLocal.Tests\SimplySecureLocal.Tests.csproj", "{7867D707-9154-46E5-AF27-3B5E73C1DC61}"
EndProject
Global
	GlobalSection(SolutionConfigurationPlatforms) = preSolution
		Debug|Any CPU = Debug|Any CPU
		Release|Any CPU = Release|Any CPU
	EndGlobalSection
	GlobalSection(ProjectConfigurationPlatforms) = postSolution
		{835DE277-9407-4196-AE3B-39F93208F440}.Debug|Any CPU.ActiveCfg = Debug|Any CPU
		{835DE277-9407-4196-AE3B-39F93208F440}.Debug|Any CPU.Build.0 = Debug|Any CPU
		{835DE277-9407-4196-AE3B-39F93208F440}.Release|Any CPU.ActiveCfg = Release|Any CPU
		{835DE277-9407-4196-AE3B-39F93208F440}.Release|Any CPU.Build.0 = Release|Any CPU
		{FF09936A-27C7-4156-8BCB-DF9A15443198}.Debug|Any CPU.ActiveCfg = Debug|Any CPU
		{FF09936A-27C7-4156-8BCB-DF9A15443198}.Debug|Any CPU.Build.0 = Debug|Any CPU
		{FF09936A-27C7-4156-8BCB-DF9A15443198}.Release|Any CPU.ActiveCfg = Release|Any CPU
		{FF09936A-27C7-4156-8BCB-DF9A15443198}.Release|Any CPU.Build.0 = Release|Any CPU
		{7867D707-9154-46E5-AF27-3B5E73C1DC61}.Debug|Any CPU.ActiveCfg = Debug|Any CPU
		{7867D707-9154-46E5-AF27-3B5E73C1DC61}.Debug|Any CPU.Build.0 = Debug|Any CPU
		{7867D707-9154-46E5-AF27-3B5E73C1DC61}.Release|Any CPU.ActiveCfg = Release|Any CPU
		{7867D707-9154-46E5-AF27-3B5E73C1DC61}.Release|Any CPU.Build.0 = Release|Any CPU
	EndGlobalSection
	GlobalSection(SolutionProperties) = preSolution
		HideSolutionNode = FALSE
	EndGlobalSection
	GlobalSection(ExtensibilityGlobals) = postSolution
		SolutionGuid = {B5332C9A-69E8-4042-B0D9-6BBCB485E099}
	EndGlobalSection
EndGlobal
